
Microsoft Visual Studio Solution File, Format Version 12.00
# Visual Studio Version 17
VisualStudioVersion = 17.4.33205.214
MinimumVisualStudioVersion = 10.0.40219.1
Project("{FAE04EC0-301F-11D3-BF4B-00C04F79EFBC}") = "Snowpoint", "Snowpoint\Snowpoint.csproj", "{63B7BEB3-C2A9-45B5-95FA-5BAB838A6AFF}"
EndProject
Global
	GlobalSection(SolutionConfigurationPlatforms) = preSolution
		Debug|Any CPU = Debug|Any CPU
		Release|Any CPU = Release|Any CPU
	EndGlobalSection
	GlobalSection(ProjectConfigurationPlatforms) = postSolution
		{63B7BEB3-C2A9-45B5-95FA-5BAB838A6AFF}.Debug|Any CPU.ActiveCfg = Debug|Any CPU
		{63B7BEB3-C2A9-45B5-95FA-5BAB838A6AFF}.Debug|Any CPU.Build.0 = Debug|Any CPU
		{63B7BEB3-C2A9-45B5-95FA-5BAB838A6AFF}.Release|Any CPU.ActiveCfg = Release|Any CPU
		{63B7BEB3-C2A9-45B5-95FA-5BAB838A6AFF}.Release|Any CPU.Build.0 = Release|Any CPU
	EndGlobalSection
	GlobalSection(SolutionProperties) = preSolution
		HideSolutionNode = FALSE
	EndGlobalSection
	GlobalSection(ExtensibilityGlobals) = postSolution
		SolutionGuid = {190B19B2-7752-4960-80D8-602C1BEA0240}
	EndGlobalSection
EndGlobal
